// !$*UTF8*$!
{
	archiveVersion = 1;
	classes = {
	};
	objectVersion = 46;
	objects = {

/* Begin PBXBuildFile section */
		A20FE16F1965517D005C14F7 /* AppDelegate.swift in Sources */ = {isa = PBXBuildFile; fileRef = A20FE16E1965517D005C14F7 /* AppDelegate.swift */; };
		A20FE1711965517D005C14F7 /* MasterViewController.swift in Sources */ = {isa = PBXBuildFile; fileRef = A20FE1701965517D005C14F7 /* MasterViewController.swift */; };
		A20FE1731965517D005C14F7 /* DetailViewController.swift in Sources */ = {isa = PBXBuildFile; fileRef = A20FE1721965517D005C14F7 /* DetailViewController.swift */; };
		A20FE1761965517D005C14F7 /* Main.storyboard in Resources */ = {isa = PBXBuildFile; fileRef = A20FE1741965517D005C14F7 /* Main.storyboard */; };
		A20FE1781965517D005C14F7 /* Images.xcassets in Resources */ = {isa = PBXBuildFile; fileRef = A20FE1771965517D005C14F7 /* Images.xcassets */; };
		A20FE1841965517D005C14F7 /* BirdWatchingTests.swift in Sources */ = {isa = PBXBuildFile; fileRef = A20FE1831965517D005C14F7 /* BirdWatchingTests.swift */; };
/* End PBXBuildFile section */

/* Begin PBXContainerItemProxy section */
		A20FE17E1965517D005C14F7 /* PBXContainerItemProxy */ = {
			isa = PBXContainerItemProxy;
			containerPortal = A20FE1611965517D005C14F7 /* Project object */;
			proxyType = 1;
			remoteGlobalIDString = A20FE1681965517D005C14F7;
			remoteInfo = BirdWatching;
		};
/* End PBXContainerItemProxy section */

/* Begin PBXFileReference section */
		A20FE1691965517D005C14F7 /* BirdWatching.app */ = {isa = PBXFileReference; explicitFileType = wrapper.application; includeInIndex = 0; path = BirdWatching.app; sourceTree = BUILT_PRODUCTS_DIR; };
		A20FE16D1965517D005C14F7 /* Info.plist */ = {isa = PBXFileReference; lastKnownFileType = text.plist.xml; path = Info.plist; sourceTree = "<group>"; };
		A20FE16E1965517D005C14F7 /* AppDelegate.swift */ = {isa = PBXFileReference; lastKnownFileType = sourcecode.swift; path = AppDelegate.swift; sourceTree = "<group>"; };
		A20FE1701965517D005C14F7 /* MasterViewController.swift */ = {isa = PBXFileReference; lastKnownFileType = sourcecode.swift; path = MasterViewController.swift; sourceTree = "<group>"; };
		A20FE1721965517D005C14F7 /* DetailViewController.swift */ = {isa = PBXFileReference; lastKnownFileType = sourcecode.swift; path = DetailViewController.swift; sourceTree = "<group>"; };
		A20FE1751965517D005C14F7 /* Base */ = {isa = PBXFileReference; lastKnownFileType = file.storyboard; name = Base; path = Base.lproj/Main.storyboard; sourceTree = "<group>"; };
		A20FE1771965517D005C14F7 /* Images.xcassets */ = {isa = PBXFileReference; lastKnownFileType = folder.assetcatalog; path = Images.xcassets; sourceTree = "<group>"; };
		A20FE17D1965517D005C14F7 /* BirdWatchingTests.xctest */ = {isa = PBXFileReference; explicitFileType = wrapper.cfbundle; includeInIndex = 0; path = BirdWatchingTests.xctest; sourceTree = BUILT_PRODUCTS_DIR; };
		A20FE1821965517D005C14F7 /* Info.plist */ = {isa = PBXFileReference; lastKnownFileType = text.plist.xml; path = Info.plist; sourceTree = "<group>"; };
		A20FE1831965517D005C14F7 /* BirdWatchingTests.swift */ = {isa = PBXFileReference; lastKnownFileType = sourcecode.swift; path = BirdWatchingTests.swift; sourceTree = "<group>"; };
/* End PBXFileReference section */

/* Begin PBXFrameworksBuildPhase section */
		A20FE1661965517D005C14F7 /* Frameworks */ = {
			isa = PBXFrameworksBuildPhase;
			buildActionMask = 2147483647;
			files = (
			);
			runOnlyForDeploymentPostprocessing = 0;
		};
		A20FE17A1965517D005C14F7 /* Frameworks */ = {
			isa = PBXFrameworksBuildPhase;
			buildActionMask = 2147483647;
			files = (
			);
			runOnlyForDeploymentPostprocessing = 0;
		};
/* End PBXFrameworksBuildPhase section */

/* Begin PBXGroup section */
		A20FE1601965517D005C14F7 = {
			isa = PBXGroup;
			children = (
				A20FE16B1965517D005C14F7 /* BirdWatching */,
				A20FE1801965517D005C14F7 /* BirdWatchingTests */,
				A20FE16A1965517D005C14F7 /* Products */,
			);
			sourceTree = "<group>";
		};
		A20FE16A1965517D005C14F7 /* Products */ = {
			isa = PBXGroup;
			children = (
				A20FE1691965517D005C14F7 /* BirdWatching.app */,
				A20FE17D1965517D005C14F7 /* BirdWatchingTests.xctest */,
			);
			name = Products;
			sourceTree = "<group>";
		};
		A20FE16B1965517D005C14F7 /* BirdWatching */ = {
			isa = PBXGroup;
			children = (
				A20FE16E1965517D005C14F7 /* AppDelegate.swift */,
				A20FE1701965517D005C14F7 /* MasterViewController.swift */,
				A20FE1721965517D005C14F7 /* DetailViewController.swift */,
				A20FE1741965517D005C14F7 /* Main.storyboard */,
				A20FE1771965517D005C14F7 /* Images.xcassets */,
				A20FE16C1965517D005C14F7 /* Supporting Files */,
			);
			path = BirdWatching;
			sourceTree = "<group>";
		};
		A20FE16C1965517D005C14F7 /* Supporting Files */ = {
			isa = PBXGroup;
			children = (
				A20FE16D1965517D005C14F7 /* Info.plist */,
			);
			name = "Supporting Files";
			sourceTree = "<group>";
		};
		A20FE1801965517D005C14F7 /* BirdWatchingTests */ = {
			isa = PBXGroup;
			children = (
				A20FE1831965517D005C14F7 /* BirdWatchingTests.swift */,
				A20FE1811965517D005C14F7 /* Supporting Files */,
			);
			path = BirdWatchingTests;
			sourceTree = "<group>";
		};
		A20FE1811965517D005C14F7 /* Supporting Files */ = {
			isa = PBXGroup;
			children = (
				A20FE1821965517D005C14F7 /* Info.plist */,
			);
			name = "Supporting Files";
			sourceTree = "<group>";
		};
/* End PBXGroup section */

/* Begin PBXNativeTarget section */
		A20FE1681965517D005C14F7 /* BirdWatching */ = {
			isa = PBXNativeTarget;
			buildConfigurationList = A20FE1871965517D005C14F7 /* Build configuration list for PBXNativeTarget "BirdWatching" */;
			buildPhases = (
				A20FE1651965517D005C14F7 /* Sources */,
				A20FE1661965517D005C14F7 /* Frameworks */,
				A20FE1671965517D005C14F7 /* Resources */,
			);
			buildRules = (
			);
			dependencies = (
			);
			name = BirdWatching;
			productName = BirdWatching;
			productReference = A20FE1691965517D005C14F7 /* BirdWatching.app */;
			productType = "com.apple.product-type.application";
		};
		A20FE17C1965517D005C14F7 /* BirdWatchingTests */ = {
			isa = PBXNativeTarget;
			buildConfigurationList = A20FE18A1965517D005C14F7 /* Build configuration list for PBXNativeTarget "BirdWatchingTests" */;
			buildPhases = (
				A20FE1791965517D005C14F7 /* Sources */,
				A20FE17A1965517D005C14F7 /* Frameworks */,
				A20FE17B1965517D005C14F7 /* Resources */,
			);
			buildRules = (
			);
			dependencies = (
				A20FE17F1965517D005C14F7 /* PBXTargetDependency */,
			);
			name = BirdWatchingTests;
			productName = BirdWatchingTests;
			productReference = A20FE17D1965517D005C14F7 /* BirdWatchingTests.xctest */;
			productType = "com.apple.product-type.bundle.unit-test";
		};
/* End PBXNativeTarget section */

/* Begin PBXProject section */
		A20FE1611965517D005C14F7 /* Project object */ = {
			isa = PBXProject;
			attributes = {
				LastUpgradeCheck = 0600;
				ORGANIZATIONNAME = "nanapi Inc";
				TargetAttributes = {
					A20FE1681965517D005C14F7 = {
						CreatedOnToolsVersion = 6.0;
					};
					A20FE17C1965517D005C14F7 = {
						CreatedOnToolsVersion = 6.0;
						TestTargetID = A20FE1681965517D005C14F7;
					};
				};
			};
			buildConfigurationList = A20FE1641965517D005C14F7 /* Build configuration list for PBXProject "BirdWatching" */;
			compatibilityVersion = "Xcode 3.2";
			developmentRegion = English;
			hasScannedForEncodings = 0;
			knownRegions = (
				en,
				Base,
			);
			mainGroup = A20FE1601965517D005C14F7;
			productRefGroup = A20FE16A1965517D005C14F7 /* Products */;
			projectDirPath = "";
			projectRoot = "";
			targets = (
				A20FE1681965517D005C14F7 /* BirdWatching */,
				A20FE17C1965517D005C14F7 /* BirdWatchingTests */,
			);
		};
/* End PBXProject section */

/* Begin PBXResourcesBuildPhase section */
		A20FE1671965517D005C14F7 /* Resources */ = {
			isa = PBXResourcesBuildPhase;
			buildActionMask = 2147483647;
			files = (
				A20FE1761965517D005C14F7 /* Main.storyboard in Resources */,
				A20FE1781965517D005C14F7 /* Images.xcassets in Resources */,
			);
			runOnlyForDeploymentPostprocessing = 0;
		};
		A20FE17B1965517D005C14F7 /* Resources */ = {
			isa = PBXResourcesBuildPhase;
			buildActionMask = 2147483647;
			files = (
			);
			runOnlyForDeploymentPostprocessing = 0;
		};
/* End PBXResourcesBuildPhase section */

/* Begin PBXSourcesBuildPhase section */
		A20FE1651965517D005C14F7 /* Sources */ = {
			isa = PBXSourcesBuildPhase;
			buildActionMask = 2147483647;
			files = (
				A20FE1731965517D005C14F7 /* DetailViewController.swift in Sources */,
				A20FE1711965517D005C14F7 /* MasterViewController.swift in Sources */,
				A20FE16F1965517D005C14F7 /* AppDelegate.swift in Sources */,
			);
			runOnlyForDeploymentPostprocessing = 0;
		};
		A20FE1791965517D005C14F7 /* Sources */ = {
			isa = PBXSourcesBuildPhase;
			buildActionMask = 2147483647;
			files = (
				A20FE1841965517D005C14F7 /* BirdWatchingTests.swift in Sources */,
			);
			runOnlyForDeploymentPostprocessing = 0;
		};
/* End PBXSourcesBuildPhase section */

/* Begin PBXTargetDependency section */
		A20FE17F1965517D005C14F7 /* PBXTargetDependency */ = {
			isa = PBXTargetDependency;
			target = A20FE1681965517D005C14F7 /* BirdWatching */;
			targetProxy = A20FE17E1965517D005C14F7 /* PBXContainerItemProxy */;
		};
/* End PBXTargetDependency section */

/* Begin PBXVariantGroup section */
		A20FE1741965517D005C14F7 /* Main.storyboard */ = {
			isa = PBXVariantGroup;
			children = (
				A20FE1751965517D005C14F7 /* Base */,
			);
			name = Main.storyboard;
			sourceTree = "<group>";
		};
/* End PBXVariantGroup section */

/* Begin XCBuildConfiguration section */
		A20FE1851965517D005C14F7 /* Debug */ = {
			isa = XCBuildConfiguration;
			buildSettings = {
				ALWAYS_SEARCH_USER_PATHS = NO;
				CLANG_CXX_LANGUAGE_STANDARD = "gnu++0x";
				CLANG_CXX_LIBRARY = "libc++";
				CLANG_ENABLE_MODULES = YES;
				CLANG_ENABLE_OBJC_ARC = YES;
				CLANG_WARN_BOOL_CONVERSION = YES;
				CLANG_WARN_CONSTANT_CONVERSION = YES;
				CLANG_WARN_DIRECT_OBJC_ISA_USAGE = YES_ERROR;
				CLANG_WARN_EMPTY_BODY = YES;
				CLANG_WARN_ENUM_CONVERSION = YES;
				CLANG_WARN_INT_CONVERSION = YES;
				CLANG_WARN_OBJC_ROOT_CLASS = YES_ERROR;
				CLANG_WARN_UNREACHABLE_CODE = YES;
				CLANG_WARN__DUPLICATE_METHOD_MATCH = YES;
				"CODE_SIGN_IDENTITY[sdk=iphoneos*]" = "iPhone Developer";
				COPY_PHASE_STRIP = NO;
				ENABLE_STRICT_OBJC_MSGSEND = YES;
				GCC_C_LANGUAGE_STANDARD = gnu99;
				GCC_DYNAMIC_NO_PIC = NO;
				GCC_OPTIMIZATION_LEVEL = 0;
				GCC_PREPROCESSOR_DEFINITIONS = (
					"DEBUG=1",
					"$(inherited)",
				);
				GCC_SYMBOLS_PRIVATE_EXTERN = NO;
				GCC_WARN_64_TO_32_BIT_CONVERSION = YES;
				GCC_WARN_ABOUT_RETURN_TYPE = YES_ERROR;
				GCC_WARN_UNDECLARED_SELECTOR = YES;
				GCC_WARN_UNINITIALIZED_AUTOS = YES_AGGRESSIVE;
				GCC_WARN_UNUSED_FUNCTION = YES;
				GCC_WARN_UNUSED_VARIABLE = YES;
				IPHONEOS_DEPLOYMENT_TARGET = 8.0;
				METAL_ENABLE_DEBUG_INFO = YES;
				ONLY_ACTIVE_ARCH = YES;
				SDKROOT = iphoneos;
				SWIFT_OPTIMIZATION_LEVEL = "-Onone";
			};
			name = Debug;
		};
		A20FE1861965517D005C14F7 /* Release */ = {
			isa = XCBuildConfiguration;
			buildSettings = {
				ALWAYS_SEARCH_USER_PATHS = NO;
				CLANG_CXX_LANGUAGE_STANDARD = "gnu++0x";
				CLANG_CXX_LIBRARY = "libc++";
				CLANG_ENABLE_MODULES = YES;
				CLANG_ENABLE_OBJC_ARC = YES;
				CLANG_WARN_BOOL_CONVERSION = YES;
				CLANG_WARN_CONSTANT_CONVERSION = YES;
				CLANG_WARN_DIRECT_OBJC_ISA_USAGE = YES_ERROR;
				CLANG_WARN_EMPTY_BODY = YES;
				CLANG_WARN_ENUM_CONVERSION = YES;
				CLANG_WARN_INT_CONVERSION = YES;
				CLANG_WARN_OBJC_ROOT_CLASS = YES_ERROR;
				CLANG_WARN_UNREACHABLE_CODE = YES;
				CLANG_WARN__DUPLICATE_METHOD_MATCH = YES;
				"CODE_SIGN_IDENTITY[sdk=iphoneos*]" = "iPhone Developer";
				COPY_PHASE_STRIP = YES;
				ENABLE_NS_ASSERTIONS = NO;
				ENABLE_STRICT_OBJC_MSGSEND = YES;
				GCC_C_LANGUAGE_STANDARD = gnu99;
				GCC_WARN_64_TO_32_BIT_CONVERSION = YES;
				GCC_WARN_ABOUT_RETURN_TYPE = YES_ERROR;
				GCC_WARN_UNDECLARED_SELECTOR = YES;
				GCC_WARN_UNINITIALIZED_AUTOS = YES_AGGRESSIVE;
				GCC_WARN_UNUSED_FUNCTION = YES;
				GCC_WARN_UNUSED_VARIABLE = YES;
				IPHONEOS_DEPLOYMENT_TARGET = 8.0;
				METAL_ENABLE_DEBUG_INFO = NO;
				SDKROOT = iphoneos;
				VALIDATE_PRODUCT = YES;
			};
			name = Release;
		};
		A20FE1881965517D005C14F7 /* Debug */ = {
			isa = XCBuildConfiguration;
			buildSettings = {
				ASSETCATALOG_COMPILER_APPICON_NAME = AppIcon;
				ASSETCATALOG_COMPILER_LAUNCHIMAGE_NAME = LaunchImage;
				INFOPLIST_FILE = BirdWatching/Info.plist;
				LD_RUNPATH_SEARCH_PATHS = "$(inherited) @executable_path/Frameworks";
				PRODUCT_NAME = "$(TARGET_NAME)";
			};
			name = Debug;
		};
		A20FE1891965517D005C14F7 /* Release */ = {
			isa = XCBuildConfiguration;
			buildSettings = {
				ASSETCATALOG_COMPILER_APPICON_NAME = AppIcon;
				ASSETCATALOG_COMPILER_LAUNCHIMAGE_NAME = LaunchImage;
				INFOPLIST_FILE = BirdWatching/Info.plist;
				LD_RUNPATH_SEARCH_PATHS = "$(inherited) @executable_path/Frameworks";
				PRODUCT_NAME = "$(TARGET_NAME)";
			};
			name = Release;
		};
		A20FE18B1965517D005C14F7 /* Debug */ = {
			isa = XCBuildConfiguration;
			buildSettings = {
				BUNDLE_LOADER = "$(BUILT_PRODUCTS_DIR)/BirdWatching.app/BirdWatching";
				FRAMEWORK_SEARCH_PATHS = (
					"$(SDKROOT)/Developer/Library/Frameworks",
					"$(inherited)",
				);
				GCC_PREPROCESSOR_DEFINITIONS = (
					"DEBUG=1",
					"$(inherited)",
				);
				INFOPLIST_FILE = BirdWatchingTests/Info.plist;
				LD_RUNPATH_SEARCH_PATHS = "$(inherited) @executable_path/Frameworks @loader_path/Frameworks";
				METAL_ENABLE_DEBUG_INFO = YES;
				PRODUCT_NAME = "$(TARGET_NAME)";
				TEST_HOST = "$(BUNDLE_LOADER)";
			};
			name = Debug;
		};
		A20FE18C1965517D005C14F7 /* Release */ = {
			isa = XCBuildConfiguration;
			buildSettings = {
				BUNDLE_LOADER = "$(BUILT_PRODUCTS_DIR)/BirdWatching.app/BirdWatching";
				FRAMEWORK_SEARCH_PATHS = (
					"$(SDKROOT)/Developer/Library/Frameworks",
					"$(inherited)",
				);
				INFOPLIST_FILE = BirdWatchingTests/Info.plist;
				LD_RUNPATH_SEARCH_PATHS = "$(inherited) @executable_path/Frameworks @loader_path/Frameworks";
				METAL_ENABLE_DEBUG_INFO = NO;
				PRODUCT_NAME = "$(TARGET_NAME)";
				TEST_HOST = "$(BUNDLE_LOADER)";
			};
			name = Release;
		};
/* End XCBuildConfiguration section */

/* Begin XCConfigurationList section */
		A20FE1641965517D005C14F7 /* Build configuration list for PBXProject "BirdWatching" */ = {
			isa = XCConfigurationList;
			buildConfigurations = (
				A20FE1851965517D005C14F7 /* Debug */,
				A20FE1861965517D005C14F7 /* Release */,
			);
			defaultConfigurationIsVisible = 0;
			defaultConfigurationName = Release;
		};
		A20FE1871965517D005C14F7 /* Build configuration list for PBXNativeTarget "BirdWatching" */ = {
			isa = XCConfigurationList;
			buildConfigurations = (
				A20FE1881965517D005C14F7 /* Debug */,
				A20FE1891965517D005C14F7 /* Release */,
			);
			defaultConfigurationIsVisible = 0;
		};
		A20FE18A1965517D005C14F7 /* Build configuration list for PBXNativeTarget "BirdWatchingTests" */ = {
			isa = XCConfigurationList;
			buildConfigurations = (
				A20FE18B1965517D005C14F7 /* Debug */,
				A20FE18C1965517D005C14F7 /* Release */,
			);
			defaultConfigurationIsVisible = 0;
		};
/* End XCConfigurationList section */
	};
	rootObject = A20FE1611965517D005C14F7 /* Project object */;
}
